
Microsoft Visual Studio Solution File, Format Version 12.00
# Visual Studio Version 17
VisualStudioVersion = 17.11.35327.3
MinimumVisualStudioVersion = 10.0.40219.1
Project("{FAE04EC0-301F-11D3-BF4B-00C04F79EFBC}") = "WinFormsApp7", "WinFormsApp7\WinFormsApp7.csproj", "{6A2DD161-FA27-4425-965D-FBF0F75ECC9A}"
EndProject
Global
	GlobalSection(SolutionConfigurationPlatforms) = preSolution
		Debug|Any CPU = Debug|Any CPU
		Release|Any CPU = Release|Any CPU
	EndGlobalSection
	GlobalSection(ProjectConfigurationPlatforms) = postSolution
		{6A2DD161-FA27-4425-965D-FBF0F75ECC9A}.Debug|Any CPU.ActiveCfg = Debug|Any CPU
		{6A2DD161-FA27-4425-965D-FBF0F75ECC9A}.Debug|Any CPU.Build.0 = Debug|Any CPU
		{6A2DD161-FA27-4425-965D-FBF0F75ECC9A}.Release|Any CPU.ActiveCfg = Release|Any CPU
		{6A2DD161-FA27-4425-965D-FBF0F75ECC9A}.Release|Any CPU.Build.0 = Release|Any CPU
	EndGlobalSection
	GlobalSection(SolutionProperties) = preSolution
		HideSolutionNode = FALSE
	EndGlobalSection
	GlobalSection(ExtensibilityGlobals) = postSolution
		SolutionGuid = {A5CAEFBD-4C00-4C53-A102-CFFA7F505589}
	EndGlobalSection
EndGlobal
